
Microsoft Visual Studio Solution File, Format Version 12.00
# Visual Studio Version 16
VisualStudioVersion = 16.0.29025.244
MinimumVisualStudioVersion = 10.0.40219.1
Project("{FAE04EC0-301F-11D3-BF4B-00C04F79EFBC}") = "CSharpLab2", "CSharpLab2\CSharpLab2.csproj", "{E1175B26-4B06-48DA-8494-377485DD8838}"
EndProject
Global
	GlobalSection(SolutionConfigurationPlatforms) = preSolution
		Debug|Any CPU = Debug|Any CPU
		Release|Any CPU = Release|Any CPU
	EndGlobalSection
	GlobalSection(ProjectConfigurationPlatforms) = postSolution
		{E1175B26-4B06-48DA-8494-377485DD8838}.Debug|Any CPU.ActiveCfg = Debug|Any CPU
		{E1175B26-4B06-48DA-8494-377485DD8838}.Debug|Any CPU.Build.0 = Debug|Any CPU
		{E1175B26-4B06-48DA-8494-377485DD8838}.Release|Any CPU.ActiveCfg = Release|Any CPU
		{E1175B26-4B06-48DA-8494-377485DD8838}.Release|Any CPU.Build.0 = Release|Any CPU
	EndGlobalSection
	GlobalSection(SolutionProperties) = preSolution
		HideSolutionNode = FALSE
	EndGlobalSection
	GlobalSection(ExtensibilityGlobals) = postSolution
		SolutionGuid = {D21DCFD6-DB00-4BCD-AB4C-3143A2A9B347}
	EndGlobalSection
EndGlobal
